
Microsoft Visual Studio Solution File, Format Version 12.00
# Visual Studio Version 17
VisualStudioVersion = 17.8.34408.163
MinimumVisualStudioVersion = 10.0.40219.1
Project("{9A19103F-16F7-4668-BE54-9A1E7A4F7556}") = "RealEstates.Data", "RealEstates.Data\RealEstates.Data.csproj", "{8A96D1EB-21EA-4252-A8C4-8D4626FDAD33}"
EndProject
Project("{9A19103F-16F7-4668-BE54-9A1E7A4F7556}") = "RealEstates.Models", "RealEstates.Models\RealEstates.Models.csproj", "{FA5F31E0-D5A2-42C3-85DE-94CD190D577C}"
EndProject
Project("{9A19103F-16F7-4668-BE54-9A1E7A4F7556}") = "RealEstates.Services", "RealEstates.Services\RealEstates.Services.csproj", "{09529F17-8C04-4EA5-9AD2-68B8C33BCBB6}"
EndProject
Project("{9A19103F-16F7-4668-BE54-9A1E7A4F7556}") = "RealEstates.Importer", "RealEstates.Importer\RealEstates.Importer.csproj", "{1870632B-9D7D-4850-AD96-0E27451D9BC7}"
EndProject
Project("{FAE04EC0-301F-11D3-BF4B-00C04F79EFBC}") = "RealEstate.ConsoleApp", "RealEstate.ConsoleApp\RealEstate.ConsoleApp.csproj", "{7BA65801-D300-4052-A47E-3D3E5EC85D81}"
EndProject
Global
	GlobalSection(SolutionConfigurationPlatforms) = preSolution
		Debug|Any CPU = Debug|Any CPU
		Release|Any CPU = Release|Any CPU
	EndGlobalSection
	GlobalSection(ProjectConfigurationPlatforms) = postSolution
		{8A96D1EB-21EA-4252-A8C4-8D4626FDAD33}.Debug|Any CPU.ActiveCfg = Debug|Any CPU
		{8A96D1EB-21EA-4252-A8C4-8D4626FDAD33}.Debug|Any CPU.Build.0 = Debug|Any CPU
		{8A96D1EB-21EA-4252-A8C4-8D4626FDAD33}.Release|Any CPU.ActiveCfg = Release|Any CPU
		{8A96D1EB-21EA-4252-A8C4-8D4626FDAD33}.Release|Any CPU.Build.0 = Release|Any CPU
		{FA5F31E0-D5A2-42C3-85DE-94CD190D577C}.Debug|Any CPU.ActiveCfg = Debug|Any CPU
		{FA5F31E0-D5A2-42C3-85DE-94CD190D577C}.Debug|Any CPU.Build.0 = Debug|Any CPU
		{FA5F31E0-D5A2-42C3-85DE-94CD190D577C}.Release|Any CPU.ActiveCfg = Release|Any CPU
		{FA5F31E0-D5A2-42C3-85DE-94CD190D577C}.Release|Any CPU.Build.0 = Release|Any CPU
		{09529F17-8C04-4EA5-9AD2-68B8C33BCBB6}.Debug|Any CPU.ActiveCfg = Debug|Any CPU
		{09529F17-8C04-4EA5-9AD2-68B8C33BCBB6}.Debug|Any CPU.Build.0 = Debug|Any CPU
		{09529F17-8C04-4EA5-9AD2-68B8C33BCBB6}.Release|Any CPU.ActiveCfg = Release|Any CPU
		{09529F17-8C04-4EA5-9AD2-68B8C33BCBB6}.Release|Any CPU.Build.0 = Release|Any CPU
		{1870632B-9D7D-4850-AD96-0E27451D9BC7}.Debug|Any CPU.ActiveCfg = Debug|Any CPU
		{1870632B-9D7D-4850-AD96-0E27451D9BC7}.Debug|Any CPU.Build.0 = Debug|Any CPU
		{1870632B-9D7D-4850-AD96-0E27451D9BC7}.Release|Any CPU.ActiveCfg = Release|Any CPU
		{1870632B-9D7D-4850-AD96-0E27451D9BC7}.Release|Any CPU.Build.0 = Release|Any CPU
		{7BA65801-D300-4052-A47E-3D3E5EC85D81}.Debug|Any CPU.ActiveCfg = Debug|Any CPU
		{7BA65801-D300-4052-A47E-3D3E5EC85D81}.Debug|Any CPU.Build.0 = Debug|Any CPU
		{7BA65801-D300-4052-A47E-3D3E5EC85D81}.Release|Any CPU.ActiveCfg = Release|Any CPU
		{7BA65801-D300-4052-A47E-3D3E5EC85D81}.Release|Any CPU.Build.0 = Release|Any CPU
	EndGlobalSection
	GlobalSection(SolutionProperties) = preSolution
		HideSolutionNode = FALSE
	EndGlobalSection
	GlobalSection(ExtensibilityGlobals) = postSolution
		SolutionGuid = {0DEE85A6-025E-4A01-B7B3-1C9E9465012D}
	EndGlobalSection
EndGlobal
